// !$*UTF8*$!
{
	archiveVersion = 1;
	classes = {
	};
	objectVersion = 56;
	objects = {

/* Begin PBXBuildFile section */
		1255133B2BBBB5D000FCF331 /* AppDelegate.swift in Sources */ = {isa = PBXBuildFile; fileRef = 1255133A2BBBB5D000FCF331 /* AppDelegate.swift */; };
		1255133D2BBBB5D000FCF331 /* SceneDelegate.swift in Sources */ = {isa = PBXBuildFile; fileRef = 1255133C2BBBB5D000FCF331 /* SceneDelegate.swift */; };
		1255133F2BBBB5D000FCF331 /* ViewController.swift in Sources */ = {isa = PBXBuildFile; fileRef = 1255133E2BBBB5D000FCF331 /* ViewController.swift */; };
		125513422BBBB5D000FCF331 /* Main.storyboard in Resources */ = {isa = PBXBuildFile; fileRef = 125513402BBBB5D000FCF331 /* Main.storyboard */; };
		125513442BBBB5D100FCF331 /* Assets.xcassets in Resources */ = {isa = PBXBuildFile; fileRef = 125513432BBBB5D100FCF331 /* Assets.xcassets */; };
		125513472BBBB5D100FCF331 /* LaunchScreen.storyboard in Resources */ = {isa = PBXBuildFile; fileRef = 125513452BBBB5D100FCF331 /* LaunchScreen.storyboard */; };
		125513522BBBB5D100FCF331 /* animate_exp2Tests.swift in Sources */ = {isa = PBXBuildFile; fileRef = 125513512BBBB5D100FCF331 /* animate_exp2Tests.swift */; };
		1255135C2BBBB5D100FCF331 /* animate_exp2UITests.swift in Sources */ = {isa = PBXBuildFile; fileRef = 1255135B2BBBB5D100FCF331 /* animate_exp2UITests.swift */; };
		1255135E2BBBB5D100FCF331 /* animate_exp2UITestsLaunchTests.swift in Sources */ = {isa = PBXBuildFile; fileRef = 1255135D2BBBB5D100FCF331 /* animate_exp2UITestsLaunchTests.swift */; };
/* End PBXBuildFile section */

/* Begin PBXContainerItemProxy section */
		1255134E2BBBB5D100FCF331 /* PBXContainerItemProxy */ = {
			isa = PBXContainerItemProxy;
			containerPortal = 1255132F2BBBB5D000FCF331 /* Project object */;
			proxyType = 1;
			remoteGlobalIDString = 125513362BBBB5D000FCF331;
			remoteInfo = animate_exp2;
		};
		125513582BBBB5D100FCF331 /* PBXContainerItemProxy */ = {
			isa = PBXContainerItemProxy;
			containerPortal = 1255132F2BBBB5D000FCF331 /* Project object */;
			proxyType = 1;
			remoteGlobalIDString = 125513362BBBB5D000FCF331;
			remoteInfo = animate_exp2;
		};
/* End PBXContainerItemProxy section */

/* Begin PBXFileReference section */
		125513372BBBB5D000FCF331 /* animate_exp2.app */ = {isa = PBXFileReference; explicitFileType = wrapper.application; includeInIndex = 0; path = animate_exp2.app; sourceTree = BUILT_PRODUCTS_DIR; };
		1255133A2BBBB5D000FCF331 /* AppDelegate.swift */ = {isa = PBXFileReference; lastKnownFileType = sourcecode.swift; path = AppDelegate.swift; sourceTree = "<group>"; };
		1255133C2BBBB5D000FCF331 /* SceneDelegate.swift */ = {isa = PBXFileReference; lastKnownFileType = sourcecode.swift; path = SceneDelegate.swift; sourceTree = "<group>"; };
		1255133E2BBBB5D000FCF331 /* ViewController.swift */ = {isa = PBXFileReference; lastKnownFileType = sourcecode.swift; path = ViewController.swift; sourceTree = "<group>"; };
		125513412BBBB5D000FCF331 /* Base */ = {isa = PBXFileReference; lastKnownFileType = file.storyboard; name = Base; path = Base.lproj/Main.storyboard; sourceTree = "<group>"; };
		125513432BBBB5D100FCF331 /* Assets.xcassets */ = {isa = PBXFileReference; lastKnownFileType = folder.assetcatalog; path = Assets.xcassets; sourceTree = "<group>"; };
		125513462BBBB5D100FCF331 /* Base */ = {isa = PBXFileReference; lastKnownFileType = file.storyboard; name = Base; path = Base.lproj/LaunchScreen.storyboard; sourceTree = "<group>"; };
		125513482BBBB5D100FCF331 /* Info.plist */ = {isa = PBXFileReference; lastKnownFileType = text.plist.xml; path = Info.plist; sourceTree = "<group>"; };
		1255134D2BBBB5D100FCF331 /* animate_exp2Tests.xctest */ = {isa = PBXFileReference; explicitFileType = wrapper.cfbundle; includeInIndex = 0; path = animate_exp2Tests.xctest; sourceTree = BUILT_PRODUCTS_DIR; };
		125513512BBBB5D100FCF331 /* animate_exp2Tests.swift */ = {isa = PBXFileReference; lastKnownFileType = sourcecode.swift; path = animate_exp2Tests.swift; sourceTree = "<group>"; };
		125513572BBBB5D100FCF331 /* animate_exp2UITests.xctest */ = {isa = PBXFileReference; explicitFileType = wrapper.cfbundle; includeInIndex = 0; path = animate_exp2UITests.xctest; sourceTree = BUILT_PRODUCTS_DIR; };
		1255135B2BBBB5D100FCF331 /* animate_exp2UITests.swift */ = {isa = PBXFileReference; lastKnownFileType = sourcecode.swift; path = animate_exp2UITests.swift; sourceTree = "<group>"; };
		1255135D2BBBB5D100FCF331 /* animate_exp2UITestsLaunchTests.swift */ = {isa = PBXFileReference; lastKnownFileType = sourcecode.swift; path = animate_exp2UITestsLaunchTests.swift; sourceTree = "<group>"; };
/* End PBXFileReference section */

/* Begin PBXFrameworksBuildPhase section */
		125513342BBBB5D000FCF331 /* Frameworks */ = {
			isa = PBXFrameworksBuildPhase;
			buildActionMask = 2147483647;
			files = (
			);
			runOnlyForDeploymentPostprocessing = 0;
		};
		1255134A2BBBB5D100FCF331 /* Frameworks */ = {
			isa = PBXFrameworksBuildPhase;
			buildActionMask = 2147483647;
			files = (
			);
			runOnlyForDeploymentPostprocessing = 0;
		};
		125513542BBBB5D100FCF331 /* Frameworks */ = {
			isa = PBXFrameworksBuildPhase;
			buildActionMask = 2147483647;
			files = (
			);
			runOnlyForDeploymentPostprocessing = 0;
		};
/* End PBXFrameworksBuildPhase section */

/* Begin PBXGroup section */
		1255132E2BBBB5D000FCF331 = {
			isa = PBXGroup;
			children = (
				125513392BBBB5D000FCF331 /* animate_exp2 */,
				125513502BBBB5D100FCF331 /* animate_exp2Tests */,
				1255135A2BBBB5D100FCF331 /* animate_exp2UITests */,
				125513382BBBB5D000FCF331 /* Products */,
			);
			sourceTree = "<group>";
		};
		125513382BBBB5D000FCF331 /* Products */ = {
			isa = PBXGroup;
			children = (
				125513372BBBB5D000FCF331 /* animate_exp2.app */,
				1255134D2BBBB5D100FCF331 /* animate_exp2Tests.xctest */,
				125513572BBBB5D100FCF331 /* animate_exp2UITests.xctest */,
			);
			name = Products;
			sourceTree = "<group>";
		};
		125513392BBBB5D000FCF331 /* animate_exp2 */ = {
			isa = PBXGroup;
			children = (
				1255133A2BBBB5D000FCF331 /* AppDelegate.swift */,
				1255133C2BBBB5D000FCF331 /* SceneDelegate.swift */,
				1255133E2BBBB5D000FCF331 /* ViewController.swift */,
				125513402BBBB5D000FCF331 /* Main.storyboard */,
				125513432BBBB5D100FCF331 /* Assets.xcassets */,
				125513452BBBB5D100FCF331 /* LaunchScreen.storyboard */,
				125513482BBBB5D100FCF331 /* Info.plist */,
			);
			path = animate_exp2;
			sourceTree = "<group>";
		};
		125513502BBBB5D100FCF331 /* animate_exp2Tests */ = {
			isa = PBXGroup;
			children = (
				125513512BBBB5D100FCF331 /* animate_exp2Tests.swift */,
			);
			path = animate_exp2Tests;
			sourceTree = "<group>";
		};
		1255135A2BBBB5D100FCF331 /* animate_exp2UITests */ = {
			isa = PBXGroup;
			children = (
				1255135B2BBBB5D100FCF331 /* animate_exp2UITests.swift */,
				1255135D2BBBB5D100FCF331 /* animate_exp2UITestsLaunchTests.swift */,
			);
			path = animate_exp2UITests;
			sourceTree = "<group>";
		};
/* End PBXGroup section */

/* Begin PBXNativeTarget section */
		125513362BBBB5D000FCF331 /* animate_exp2 */ = {
			isa = PBXNativeTarget;
			buildConfigurationList = 125513612BBBB5D100FCF331 /* Build configuration list for PBXNativeTarget "animate_exp2" */;
			buildPhases = (
				125513332BBBB5D000FCF331 /* Sources */,
				125513342BBBB5D000FCF331 /* Frameworks */,
				125513352BBBB5D000FCF331 /* Resources */,
			);
			buildRules = (
			);
			dependencies = (
			);
			name = animate_exp2;
			productName = animate_exp2;
			productReference = 125513372BBBB5D000FCF331 /* animate_exp2.app */;
			productType = "com.apple.product-type.application";
		};
		1255134C2BBBB5D100FCF331 /* animate_exp2Tests */ = {
			isa = PBXNativeTarget;
			buildConfigurationList = 125513642BBBB5D100FCF331 /* Build configuration list for PBXNativeTarget "animate_exp2Tests" */;
			buildPhases = (
				125513492BBBB5D100FCF331 /* Sources */,
				1255134A2BBBB5D100FCF331 /* Frameworks */,
				1255134B2BBBB5D100FCF331 /* Resources */,
			);
			buildRules = (
			);
			dependencies = (
				1255134F2BBBB5D100FCF331 /* PBXTargetDependency */,
			);
			name = animate_exp2Tests;
			productName = animate_exp2Tests;
			productReference = 1255134D2BBBB5D100FCF331 /* animate_exp2Tests.xctest */;
			productType = "com.apple.product-type.bundle.unit-test";
		};
		125513562BBBB5D100FCF331 /* animate_exp2UITests */ = {
			isa = PBXNativeTarget;
			buildConfigurationList = 125513672BBBB5D100FCF331 /* Build configuration list for PBXNativeTarget "animate_exp2UITests" */;
			buildPhases = (
				125513532BBBB5D100FCF331 /* Sources */,
				125513542BBBB5D100FCF331 /* Frameworks */,
				125513552BBBB5D100FCF331 /* Resources */,
			);
			buildRules = (
			);
			dependencies = (
				125513592BBBB5D100FCF331 /* PBXTargetDependency */,
			);
			name = animate_exp2UITests;
			productName = animate_exp2UITests;
			productReference = 125513572BBBB5D100FCF331 /* animate_exp2UITests.xctest */;
			productType = "com.apple.product-type.bundle.ui-testing";
		};
/* End PBXNativeTarget section */

/* Begin PBXProject section */
		1255132F2BBBB5D000FCF331 /* Project object */ = {
			isa = PBXProject;
			attributes = {
				BuildIndependentTargetsInParallel = 1;
				LastSwiftUpdateCheck = 1520;
				LastUpgradeCheck = 1520;
				TargetAttributes = {
					125513362BBBB5D000FCF331 = {
						CreatedOnToolsVersion = 15.2;
					};
					1255134C2BBBB5D100FCF331 = {
						CreatedOnToolsVersion = 15.2;
						TestTargetID = 125513362BBBB5D000FCF331;
					};
					125513562BBBB5D100FCF331 = {
						CreatedOnToolsVersion = 15.2;
						TestTargetID = 125513362BBBB5D000FCF331;
					};
				};
			};
			buildConfigurationList = 125513322BBBB5D000FCF331 /* Build configuration list for PBXProject "animate_exp2" */;
			compatibilityVersion = "Xcode 14.0";
			developmentRegion = en;
			hasScannedForEncodings = 0;
			knownRegions = (
				en,
				Base,
			);
			mainGroup = 1255132E2BBBB5D000FCF331;
			productRefGroup = 125513382BBBB5D000FCF331 /* Products */;
			projectDirPath = "";
			projectRoot = "";
			targets = (
				125513362BBBB5D000FCF331 /* animate_exp2 */,
				1255134C2BBBB5D100FCF331 /* animate_exp2Tests */,
				125513562BBBB5D100FCF331 /* animate_exp2UITests */,
			);
		};
/* End PBXProject section */

/* Begin PBXResourcesBuildPhase section */
		125513352BBBB5D000FCF331 /* Resources */ = {
			isa = PBXResourcesBuildPhase;
			buildActionMask = 2147483647;
			files = (
				125513472BBBB5D100FCF331 /* LaunchScreen.storyboard in Resources */,
				125513442BBBB5D100FCF331 /* Assets.xcassets in Resources */,
				125513422BBBB5D000FCF331 /* Main.storyboard in Resources */,
			);
			runOnlyForDeploymentPostprocessing = 0;
		};
		1255134B2BBBB5D100FCF331 /* Resources */ = {
			isa = PBXResourcesBuildPhase;
			buildActionMask = 2147483647;
			files = (
			);
			runOnlyForDeploymentPostprocessing = 0;
		};
		125513552BBBB5D100FCF331 /* Resources */ = {
			isa = PBXResourcesBuildPhase;
			buildActionMask = 2147483647;
			files = (
			);
			runOnlyForDeploymentPostprocessing = 0;
		};
/* End PBXResourcesBuildPhase section */

/* Begin PBXSourcesBuildPhase section */
		125513332BBBB5D000FCF331 /* Sources */ = {
			isa = PBXSourcesBuildPhase;
			buildActionMask = 2147483647;
			files = (
				1255133F2BBBB5D000FCF331 /* ViewController.swift in Sources */,
				1255133B2BBBB5D000FCF331 /* AppDelegate.swift in Sources */,
				1255133D2BBBB5D000FCF331 /* SceneDelegate.swift in Sources */,
			);
			runOnlyForDeploymentPostprocessing = 0;
		};
		125513492BBBB5D100FCF331 /* Sources */ = {
			isa = PBXSourcesBuildPhase;
			buildActionMask = 2147483647;
			files = (
				125513522BBBB5D100FCF331 /* animate_exp2Tests.swift in Sources */,
			);
			runOnlyForDeploymentPostprocessing = 0;
		};
		125513532BBBB5D100FCF331 /* Sources */ = {
			isa = PBXSourcesBuildPhase;
			buildActionMask = 2147483647;
			files = (
				1255135C2BBBB5D100FCF331 /* animate_exp2UITests.swift in Sources */,
				1255135E2BBBB5D100FCF331 /* animate_exp2UITestsLaunchTests.swift in Sources */,
			);
			runOnlyForDeploymentPostprocessing = 0;
		};
/* End PBXSourcesBuildPhase section */

/* Begin PBXTargetDependency section */
		1255134F2BBBB5D100FCF331 /* PBXTargetDependency */ = {
			isa = PBXTargetDependency;
			target = 125513362BBBB5D000FCF331 /* animate_exp2 */;
			targetProxy = 1255134E2BBBB5D100FCF331 /* PBXContainerItemProxy */;
		};
		125513592BBBB5D100FCF331 /* PBXTargetDependency */ = {
			isa = PBXTargetDependency;
			target = 125513362BBBB5D000FCF331 /* animate_exp2 */;
			targetProxy = 125513582BBBB5D100FCF331 /* PBXContainerItemProxy */;
		};
/* End PBXTargetDependency section */

/* Begin PBXVariantGroup section */
		125513402BBBB5D000FCF331 /* Main.storyboard */ = {
			isa = PBXVariantGroup;
			children = (
				125513412BBBB5D000FCF331 /* Base */,
			);
			name = Main.storyboard;
			sourceTree = "<group>";
		};
		125513452BBBB5D100FCF331 /* LaunchScreen.storyboard */ = {
			isa = PBXVariantGroup;
			children = (
				125513462BBBB5D100FCF331 /* Base */,
			);
			name = LaunchScreen.storyboard;
			sourceTree = "<group>";
		};
/* End PBXVariantGroup section */

/* Begin XCBuildConfiguration section */
		1255135F2BBBB5D100FCF331 /* Debug */ = {
			isa = XCBuildConfiguration;
			buildSettings = {
				ALWAYS_SEARCH_USER_PATHS = NO;
				ASSETCATALOG_COMPILER_GENERATE_SWIFT_ASSET_SYMBOL_EXTENSIONS = YES;
				CLANG_ANALYZER_NONNULL = YES;
				CLANG_ANALYZER_NUMBER_OBJECT_CONVERSION = YES_AGGRESSIVE;
				CLANG_CXX_LANGUAGE_STANDARD = "gnu++20";
				CLANG_ENABLE_MODULES = YES;
				CLANG_ENABLE_OBJC_ARC = YES;
				CLANG_ENABLE_OBJC_WEAK = YES;
				CLANG_WARN_BLOCK_CAPTURE_AUTORELEASING = YES;
				CLANG_WARN_BOOL_CONVERSION = YES;
				CLANG_WARN_COMMA = YES;
				CLANG_WARN_CONSTANT_CONVERSION = YES;
				CLANG_WARN_DEPRECATED_OBJC_IMPLEMENTATIONS = YES;
				CLANG_WARN_DIRECT_OBJC_ISA_USAGE = YES_ERROR;
				CLANG_WARN_DOCUMENTATION_COMMENTS = YES;
				CLANG_WARN_EMPTY_BODY = YES;
				CLANG_WARN_ENUM_CONVERSION = YES;
				CLANG_WARN_INFINITE_RECURSION = YES;
				CLANG_WARN_INT_CONVERSION = YES;
				CLANG_WARN_NON_LITERAL_NULL_CONVERSION = YES;
				CLANG_WARN_OBJC_IMPLICIT_RETAIN_SELF = YES;
				CLANG_WARN_OBJC_LITERAL_CONVERSION = YES;
				CLANG_WARN_OBJC_ROOT_CLASS = YES_ERROR;
				CLANG_WARN_QUOTED_INCLUDE_IN_FRAMEWORK_HEADER = YES;
				CLANG_WARN_RANGE_LOOP_ANALYSIS = YES;
				CLANG_WARN_STRICT_PROTOTYPES = YES;
				CLANG_WARN_SUSPICIOUS_MOVE = YES;
				CLANG_WARN_UNGUARDED_AVAILABILITY = YES_AGGRESSIVE;
				CLANG_WARN_UNREACHABLE_CODE = YES;
				CLANG_WARN__DUPLICATE_METHOD_MATCH = YES;
				COPY_PHASE_STRIP = NO;
				DEBUG_INFORMATION_FORMAT = dwarf;
				ENABLE_STRICT_OBJC_MSGSEND = YES;
				ENABLE_TESTABILITY = YES;
				ENABLE_USER_SCRIPT_SANDBOXING = YES;
				GCC_C_LANGUAGE_STANDARD = gnu17;
				GCC_DYNAMIC_NO_PIC = NO;
				GCC_NO_COMMON_BLOCKS = YES;
				GCC_OPTIMIZATION_LEVEL = 0;
				GCC_PREPROCESSOR_DEFINITIONS = (
					"DEBUG=1",
					"$(inherited)",
				);
				GCC_WARN_64_TO_32_BIT_CONVERSION = YES;
				GCC_WARN_ABOUT_RETURN_TYPE = YES_ERROR;
				GCC_WARN_UNDECLARED_SELECTOR = YES;
				GCC_WARN_UNINITIALIZED_AUTOS = YES_AGGRESSIVE;
				GCC_WARN_UNUSED_FUNCTION = YES;
				GCC_WARN_UNUSED_VARIABLE = YES;
				IPHONEOS_DEPLOYMENT_TARGET = 17.2;
				LOCALIZATION_PREFERS_STRING_CATALOGS = YES;
				MTL_ENABLE_DEBUG_INFO = INCLUDE_SOURCE;
				MTL_FAST_MATH = YES;
				ONLY_ACTIVE_ARCH = YES;
				SDKROOT = iphoneos;
				SWIFT_ACTIVE_COMPILATION_CONDITIONS = "DEBUG $(inherited)";
				SWIFT_OPTIMIZATION_LEVEL = "-Onone";
			};
			name = Debug;
		};
		125513602BBBB5D100FCF331 /* Release */ = {
			isa = XCBuildConfiguration;
			buildSettings = {
				ALWAYS_SEARCH_USER_PATHS = NO;
				ASSETCATALOG_COMPILER_GENERATE_SWIFT_ASSET_SYMBOL_EXTENSIONS = YES;
				CLANG_ANALYZER_NONNULL = YES;
				CLANG_ANALYZER_NUMBER_OBJECT_CONVERSION = YES_AGGRESSIVE;
				CLANG_CXX_LANGUAGE_STANDARD = "gnu++20";
				CLANG_ENABLE_MODULES = YES;
				CLANG_ENABLE_OBJC_ARC = YES;
				CLANG_ENABLE_OBJC_WEAK = YES;
				CLANG_WARN_BLOCK_CAPTURE_AUTORELEASING = YES;
				CLANG_WARN_BOOL_CONVERSION = YES;
				CLANG_WARN_COMMA = YES;
				CLANG_WARN_CONSTANT_CONVERSION = YES;
				CLANG_WARN_DEPRECATED_OBJC_IMPLEMENTATIONS = YES;
				CLANG_WARN_DIRECT_OBJC_ISA_USAGE = YES_ERROR;
				CLANG_WARN_DOCUMENTATION_COMMENTS = YES;
				CLANG_WARN_EMPTY_BODY = YES;
				CLANG_WARN_ENUM_CONVERSION = YES;
				CLANG_WARN_INFINITE_RECURSION = YES;
				CLANG_WARN_INT_CONVERSION = YES;
				CLANG_WARN_NON_LITERAL_NULL_CONVERSION = YES;
				CLANG_WARN_OBJC_IMPLICIT_RETAIN_SELF = YES;
				CLANG_WARN_OBJC_LITERAL_CONVERSION = YES;
				CLANG_WARN_OBJC_ROOT_CLASS = YES_ERROR;
				CLANG_WARN_QUOTED_INCLUDE_IN_FRAMEWORK_HEADER = YES;
				CLANG_WARN_RANGE_LOOP_ANALYSIS = YES;
				CLANG_WARN_STRICT_PROTOTYPES = YES;
				CLANG_WARN_SUSPICIOUS_MOVE = YES;
				CLANG_WARN_UNGUARDED_AVAILABILITY = YES_AGGRESSIVE;
				CLANG_WARN_UNREACHABLE_CODE = YES;
				CLANG_WARN__DUPLICATE_METHOD_MATCH = YES;
				COPY_PHASE_STRIP = NO;
				DEBUG_INFORMATION_FORMAT = "dwarf-with-dsym";
				ENABLE_NS_ASSERTIONS = NO;
				ENABLE_STRICT_OBJC_MSGSEND = YES;
				ENABLE_USER_SCRIPT_SANDBOXING = YES;
				GCC_C_LANGUAGE_STANDARD = gnu17;
				GCC_NO_COMMON_BLOCKS = YES;
				GCC_WARN_64_TO_32_BIT_CONVERSION = YES;
				GCC_WARN_ABOUT_RETURN_TYPE = YES_ERROR;
				GCC_WARN_UNDECLARED_SELECTOR = YES;
				GCC_WARN_UNINITIALIZED_AUTOS = YES_AGGRESSIVE;
				GCC_WARN_UNUSED_FUNCTION = YES;
				GCC_WARN_UNUSED_VARIABLE = YES;
				IPHONEOS_DEPLOYMENT_TARGET = 17.2;
				LOCALIZATION_PREFERS_STRING_CATALOGS = YES;
				MTL_ENABLE_DEBUG_INFO = NO;
				MTL_FAST_MATH = YES;
				SDKROOT = iphoneos;
				SWIFT_COMPILATION_MODE = wholemodule;
				VALIDATE_PRODUCT = YES;
			};
			name = Release;
		};
		125513622BBBB5D100FCF331 /* Debug */ = {
			isa = XCBuildConfiguration;
			buildSettings = {
				ASSETCATALOG_COMPILER_APPICON_NAME = AppIcon;
				ASSETCATALOG_COMPILER_GLOBAL_ACCENT_COLOR_NAME = AccentColor;
				CODE_SIGN_STYLE = Automatic;
				CURRENT_PROJECT_VERSION = 1;
				DEVELOPMENT_TEAM = YFK5Y8S48M;
				GENERATE_INFOPLIST_FILE = YES;
				INFOPLIST_FILE = animate_exp2/Info.plist;
				INFOPLIST_KEY_UIApplicationSupportsIndirectInputEvents = YES;
				INFOPLIST_KEY_UILaunchStoryboardName = LaunchScreen;
				INFOPLIST_KEY_UIMainStoryboardFile = Main;
				INFOPLIST_KEY_UISupportedInterfaceOrientations_iPad = "UIInterfaceOrientationPortrait UIInterfaceOrientationPortraitUpsideDown UIInterfaceOrientationLandscapeLeft UIInterfaceOrientationLandscapeRight";
				INFOPLIST_KEY_UISupportedInterfaceOrientations_iPhone = "UIInterfaceOrientationPortrait UIInterfaceOrientationLandscapeLeft UIInterfaceOrientationLandscapeRight";
				LD_RUNPATH_SEARCH_PATHS = (
					"$(inherited)",
					"@executable_path/Frameworks",
				);
				MARKETING_VERSION = 1.0;
				PRODUCT_BUNDLE_IDENTIFIER = "com.nws.hieuvm.animate-exp2";
				PRODUCT_NAME = "$(TARGET_NAME)";
				SWIFT_EMIT_LOC_STRINGS = YES;
				SWIFT_VERSION = 5.0;
				TARGETED_DEVICE_FAMILY = "1,2";
			};
			name = Debug;
		};
		125513632BBBB5D100FCF331 /* Release */ = {
			isa = XCBuildConfiguration;
			buildSettings = {
				ASSETCATALOG_COMPILER_APPICON_NAME = AppIcon;
				ASSETCATALOG_COMPILER_GLOBAL_ACCENT_COLOR_NAME = AccentColor;
				CODE_SIGN_STYLE = Automatic;
				CURRENT_PROJECT_VERSION = 1;
				DEVELOPMENT_TEAM = YFK5Y8S48M;
				GENERATE_INFOPLIST_FILE = YES;
				INFOPLIST_FILE = animate_exp2/Info.plist;
				INFOPLIST_KEY_UIApplicationSupportsIndirectInputEvents = YES;
				INFOPLIST_KEY_UILaunchStoryboardName = LaunchScreen;
				INFOPLIST_KEY_UIMainStoryboardFile = Main;
				INFOPLIST_KEY_UISupportedInterfaceOrientations_iPad = "UIInterfaceOrientationPortrait UIInterfaceOrientationPortraitUpsideDown UIInterfaceOrientationLandscapeLeft UIInterfaceOrientationLandscapeRight";
				INFOPLIST_KEY_UISupportedInterfaceOrientations_iPhone = "UIInterfaceOrientationPortrait UIInterfaceOrientationLandscapeLeft UIInterfaceOrientationLandscapeRight";
				LD_RUNPATH_SEARCH_PATHS = (
					"$(inherited)",
					"@executable_path/Frameworks",
				);
				MARKETING_VERSION = 1.0;
				PRODUCT_BUNDLE_IDENTIFIER = "com.nws.hieuvm.animate-exp2";
				PRODUCT_NAME = "$(TARGET_NAME)";
				SWIFT_EMIT_LOC_STRINGS = YES;
				SWIFT_VERSION = 5.0;
				TARGETED_DEVICE_FAMILY = "1,2";
			};
			name = Release;
		};
		125513652BBBB5D100FCF331 /* Debug */ = {
			isa = XCBuildConfiguration;
			buildSettings = {
				ALWAYS_EMBED_SWIFT_STANDARD_LIBRARIES = YES;
				BUNDLE_LOADER = "$(TEST_HOST)";
				CODE_SIGN_STYLE = Automatic;
				CURRENT_PROJECT_VERSION = 1;
				DEVELOPMENT_TEAM = YFK5Y8S48M;
				GENERATE_INFOPLIST_FILE = YES;
				IPHONEOS_DEPLOYMENT_TARGET = 17.2;
				MARKETING_VERSION = 1.0;
				PRODUCT_BUNDLE_IDENTIFIER = "com.nws.hieuvm.animate-exp2Tests";
				PRODUCT_NAME = "$(TARGET_NAME)";
				SWIFT_EMIT_LOC_STRINGS = NO;
				SWIFT_VERSION = 5.0;
				TARGETED_DEVICE_FAMILY = "1,2";
				TEST_HOST = "$(BUILT_PRODUCTS_DIR)/animate_exp2.app/$(BUNDLE_EXECUTABLE_FOLDER_PATH)/animate_exp2";
			};
			name = Debug;
		};
		125513662BBBB5D100FCF331 /* Release */ = {
			isa = XCBuildConfiguration;
			buildSettings = {
				ALWAYS_EMBED_SWIFT_STANDARD_LIBRARIES = YES;
				BUNDLE_LOADER = "$(TEST_HOST)";
				CODE_SIGN_STYLE = Automatic;
				CURRENT_PROJECT_VERSION = 1;
				DEVELOPMENT_TEAM = YFK5Y8S48M;
				GENERATE_INFOPLIST_FILE = YES;
				IPHONEOS_DEPLOYMENT_TARGET = 17.2;
				MARKETING_VERSION = 1.0;
				PRODUCT_BUNDLE_IDENTIFIER = "com.nws.hieuvm.animate-exp2Tests";
				PRODUCT_NAME = "$(TARGET_NAME)";
				SWIFT_EMIT_LOC_STRINGS = NO;
				SWIFT_VERSION = 5.0;
				TARGETED_DEVICE_FAMILY = "1,2";
				TEST_HOST = "$(BUILT_PRODUCTS_DIR)/animate_exp2.app/$(BUNDLE_EXECUTABLE_FOLDER_PATH)/animate_exp2";
			};
			name = Release;
		};
		125513682BBBB5D100FCF331 /* Debug */ = {
			isa = XCBuildConfiguration;
			buildSettings = {
				ALWAYS_EMBED_SWIFT_STANDARD_LIBRARIES = YES;
				CODE_SIGN_STYLE = Automatic;
				CURRENT_PROJECT_VERSION = 1;
				DEVELOPMENT_TEAM = YFK5Y8S48M;
				GENERATE_INFOPLIST_FILE = YES;
				MARKETING_VERSION = 1.0;
				PRODUCT_BUNDLE_IDENTIFIER = "com.nws.hieuvm.animate-exp2UITests";
				PRODUCT_NAME = "$(TARGET_NAME)";
				SWIFT_EMIT_LOC_STRINGS = NO;
				SWIFT_VERSION = 5.0;
				TARGETED_DEVICE_FAMILY = "1,2";
				TEST_TARGET_NAME = animate_exp2;
			};
			name = Debug;
		};
		125513692BBBB5D100FCF331 /* Release */ = {
			isa = XCBuildConfiguration;
			buildSettings = {
				ALWAYS_EMBED_SWIFT_STANDARD_LIBRARIES = YES;
				CODE_SIGN_STYLE = Automatic;
				CURRENT_PROJECT_VERSION = 1;
				DEVELOPMENT_TEAM = YFK5Y8S48M;
				GENERATE_INFOPLIST_FILE = YES;
				MARKETING_VERSION = 1.0;
				PRODUCT_BUNDLE_IDENTIFIER = "com.nws.hieuvm.animate-exp2UITests";
				PRODUCT_NAME = "$(TARGET_NAME)";
				SWIFT_EMIT_LOC_STRINGS = NO;
				SWIFT_VERSION = 5.0;
				TARGETED_DEVICE_FAMILY = "1,2";
				TEST_TARGET_NAME = animate_exp2;
			};
			name = Release;
		};
/* End XCBuildConfiguration section */

/* Begin XCConfigurationList section */
		125513322BBBB5D000FCF331 /* Build configuration list for PBXProject "animate_exp2" */ = {
			isa = XCConfigurationList;
			buildConfigurations = (
				1255135F2BBBB5D100FCF331 /* Debug */,
				125513602BBBB5D100FCF331 /* Release */,
			);
			defaultConfigurationIsVisible = 0;
			defaultConfigurationName = Release;
		};
		125513612BBBB5D100FCF331 /* Build configuration list for PBXNativeTarget "animate_exp2" */ = {
			isa = XCConfigurationList;
			buildConfigurations = (
				125513622BBBB5D100FCF331 /* Debug */,
				125513632BBBB5D100FCF331 /* Release */,
			);
			defaultConfigurationIsVisible = 0;
			defaultConfigurationName = Release;
		};
		125513642BBBB5D100FCF331 /* Build configuration list for PBXNativeTarget "animate_exp2Tests" */ = {
			isa = XCConfigurationList;
			buildConfigurations = (
				125513652BBBB5D100FCF331 /* Debug */,
				125513662BBBB5D100FCF331 /* Release */,
			);
			defaultConfigurationIsVisible = 0;
			defaultConfigurationName = Release;
		};
		125513672BBBB5D100FCF331 /* Build configuration list for PBXNativeTarget "animate_exp2UITests" */ = {
			isa = XCConfigurationList;
			buildConfigurations = (
				125513682BBBB5D100FCF331 /* Debug */,
				125513692BBBB5D100FCF331 /* Release */,
			);
			defaultConfigurationIsVisible = 0;
			defaultConfigurationName = Release;
		};
/* End XCConfigurationList section */
	};
	rootObject = 1255132F2BBBB5D000FCF331 /* Project object */;
}
